// !$*UTF8*$!
{
	archiveVersion = 1;
	classes = {
	};
	objectVersion = 50;
	objects = {

/* Begin PBXBuildFile section */
		DB51A908B26B7AF94B13414F /* Pods_BluePrintSocial.framework in Frameworks */ = {isa = PBXBuildFile; fileRef = AAAA1C80DA4D11A9C188089C /* Pods_BluePrintSocial.framework */; };
		DC14F22020D6CA810025020D /* AppDelegate.swift in Sources */ = {isa = PBXBuildFile; fileRef = DC14F21F20D6CA810025020D /* AppDelegate.swift */; };
		DC14F22220D6CA810025020D /* SignInVC.swift in Sources */ = {isa = PBXBuildFile; fileRef = DC14F22120D6CA810025020D /* SignInVC.swift */; };
		DC14F22520D6CA810025020D /* Main.storyboard in Resources */ = {isa = PBXBuildFile; fileRef = DC14F22320D6CA810025020D /* Main.storyboard */; };
		DC14F22720D6CA840025020D /* Assets.xcassets in Resources */ = {isa = PBXBuildFile; fileRef = DC14F22620D6CA840025020D /* Assets.xcassets */; };
		DC14F22A20D6CA840025020D /* LaunchScreen.storyboard in Resources */ = {isa = PBXBuildFile; fileRef = DC14F22820D6CA840025020D /* LaunchScreen.storyboard */; };
		DC14F23220D6CAE00025020D /* GoogleService-Info.plist in Resources */ = {isa = PBXBuildFile; fileRef = DC14F23120D6CAE00025020D /* GoogleService-Info.plist */; };
		DC1594D120D71874004A76D6 /* FancyView.swift in Sources */ = {isa = PBXBuildFile; fileRef = DC1594D020D71874004A76D6 /* FancyView.swift */; };
		DC1594D420D71913004A76D6 /* Constants.swift in Sources */ = {isa = PBXBuildFile; fileRef = DC1594D320D71913004A76D6 /* Constants.swift */; };
		DC1594D620D71E74004A76D6 /* RoundButton.swift in Sources */ = {isa = PBXBuildFile; fileRef = DC1594D520D71E74004A76D6 /* RoundButton.swift */; };
		DC1594D820D72152004A76D6 /* FancyText.swift in Sources */ = {isa = PBXBuildFile; fileRef = DC1594D720D72152004A76D6 /* FancyText.swift */; };
		DC1594DA20D723E7004A76D6 /* FancyButton.swift in Sources */ = {isa = PBXBuildFile; fileRef = DC1594D920D723E7004A76D6 /* FancyButton.swift */; };
		DC185CDF20D881B600596E1A /* iKnowView.swift in Sources */ = {isa = PBXBuildFile; fileRef = DC185CDE20D881B600596E1A /* iKnowView.swift */; };
		DC52537F20DB11EB00E26F1C /* FeedVC.swift in Sources */ = {isa = PBXBuildFile; fileRef = DC52537E20DB11EB00E26F1C /* FeedVC.swift */; };
		DC803C0020DC61F9005C3912 /* CircleView.swift in Sources */ = {isa = PBXBuildFile; fileRef = DC803BFF20DC61F9005C3912 /* CircleView.swift */; };
		DC803C0220DC65E1005C3912 /* CircleButton.swift in Sources */ = {isa = PBXBuildFile; fileRef = DC803C0120DC65E1005C3912 /* CircleButton.swift */; };
		DC803C0420DC6C0F005C3912 /* PostCell.swift in Sources */ = {isa = PBXBuildFile; fileRef = DC803C0320DC6C0F005C3912 /* PostCell.swift */; };
/* End PBXBuildFile section */

/* Begin PBXFileReference section */
		75DF6D5FE8A06E66DC94E7AC /* Pods-BluePrintSocial.release.xcconfig */ = {isa = PBXFileReference; includeInIndex = 1; lastKnownFileType = text.xcconfig; name = "Pods-BluePrintSocial.release.xcconfig"; path = "Pods/Target Support Files/Pods-BluePrintSocial/Pods-BluePrintSocial.release.xcconfig"; sourceTree = "<group>"; };
		AAAA1C80DA4D11A9C188089C /* Pods_BluePrintSocial.framework */ = {isa = PBXFileReference; explicitFileType = wrapper.framework; includeInIndex = 0; path = Pods_BluePrintSocial.framework; sourceTree = BUILT_PRODUCTS_DIR; };
		DAE28D90C484B0E832C9102E /* Pods-BluePrintSocial.debug.xcconfig */ = {isa = PBXFileReference; includeInIndex = 1; lastKnownFileType = text.xcconfig; name = "Pods-BluePrintSocial.debug.xcconfig"; path = "Pods/Target Support Files/Pods-BluePrintSocial/Pods-BluePrintSocial.debug.xcconfig"; sourceTree = "<group>"; };
		DC14F21C20D6CA810025020D /* BluePrintSocial.app */ = {isa = PBXFileReference; explicitFileType = wrapper.application; includeInIndex = 0; path = BluePrintSocial.app; sourceTree = BUILT_PRODUCTS_DIR; };
		DC14F21F20D6CA810025020D /* AppDelegate.swift */ = {isa = PBXFileReference; lastKnownFileType = sourcecode.swift; path = AppDelegate.swift; sourceTree = "<group>"; };
		DC14F22120D6CA810025020D /* SignInVC.swift */ = {isa = PBXFileReference; lastKnownFileType = sourcecode.swift; path = SignInVC.swift; sourceTree = "<group>"; };
		DC14F22420D6CA810025020D /* Base */ = {isa = PBXFileReference; lastKnownFileType = file.storyboard; name = Base; path = Base.lproj/Main.storyboard; sourceTree = "<group>"; };
		DC14F22620D6CA840025020D /* Assets.xcassets */ = {isa = PBXFileReference; lastKnownFileType = folder.assetcatalog; path = Assets.xcassets; sourceTree = "<group>"; };
		DC14F22920D6CA840025020D /* Base */ = {isa = PBXFileReference; lastKnownFileType = file.storyboard; name = Base; path = Base.lproj/LaunchScreen.storyboard; sourceTree = "<group>"; };
		DC14F22B20D6CA840025020D /* Info.plist */ = {isa = PBXFileReference; lastKnownFileType = text.plist.xml; path = Info.plist; sourceTree = "<group>"; };
		DC14F23120D6CAE00025020D /* GoogleService-Info.plist */ = {isa = PBXFileReference; fileEncoding = 4; lastKnownFileType = text.plist.xml; path = "GoogleService-Info.plist"; sourceTree = "<group>"; };
		DC1594D020D71874004A76D6 /* FancyView.swift */ = {isa = PBXFileReference; lastKnownFileType = sourcecode.swift; path = FancyView.swift; sourceTree = "<group>"; };
		DC1594D320D71913004A76D6 /* Constants.swift */ = {isa = PBXFileReference; lastKnownFileType = sourcecode.swift; path = Constants.swift; sourceTree = "<group>"; };
		DC1594D520D71E74004A76D6 /* RoundButton.swift */ = {isa = PBXFileReference; lastKnownFileType = sourcecode.swift; path = RoundButton.swift; sourceTree = "<group>"; };
		DC1594D720D72152004A76D6 /* FancyText.swift */ = {isa = PBXFileReference; lastKnownFileType = sourcecode.swift; path = FancyText.swift; sourceTree = "<group>"; };
		DC1594D920D723E7004A76D6 /* FancyButton.swift */ = {isa = PBXFileReference; lastKnownFileType = sourcecode.swift; path = FancyButton.swift; sourceTree = "<group>"; };
		DC185CDD20D87C8F00596E1A /* BluePrintSocial.entitlements */ = {isa = PBXFileReference; lastKnownFileType = text.plist.entitlements; path = BluePrintSocial.entitlements; sourceTree = "<group>"; };
		DC185CDE20D881B600596E1A /* iKnowView.swift */ = {isa = PBXFileReference; lastKnownFileType = sourcecode.swift; path = iKnowView.swift; sourceTree = "<group>"; };
		DC52537E20DB11EB00E26F1C /* FeedVC.swift */ = {isa = PBXFileReference; lastKnownFileType = sourcecode.swift; path = FeedVC.swift; sourceTree = "<group>"; };
		DC803BFF20DC61F9005C3912 /* CircleView.swift */ = {isa = PBXFileReference; lastKnownFileType = sourcecode.swift; path = CircleView.swift; sourceTree = "<group>"; };
		DC803C0120DC65E1005C3912 /* CircleButton.swift */ = {isa = PBXFileReference; lastKnownFileType = sourcecode.swift; path = CircleButton.swift; sourceTree = "<group>"; };
		DC803C0320DC6C0F005C3912 /* PostCell.swift */ = {isa = PBXFileReference; lastKnownFileType = sourcecode.swift; path = PostCell.swift; sourceTree = "<group>"; };
/* End PBXFileReference section */

/* Begin PBXFrameworksBuildPhase section */
		DC14F21920D6CA810025020D /* Frameworks */ = {
			isa = PBXFrameworksBuildPhase;
			buildActionMask = 2147483647;
			files = (
				DB51A908B26B7AF94B13414F /* Pods_BluePrintSocial.framework in Frameworks */,
			);
			runOnlyForDeploymentPostprocessing = 0;
		};
/* End PBXFrameworksBuildPhase section */

/* Begin PBXGroup section */
		4511B1591D067E27EA2B0FA7 /* Pods */ = {
			isa = PBXGroup;
			children = (
				DAE28D90C484B0E832C9102E /* Pods-BluePrintSocial.debug.xcconfig */,
				75DF6D5FE8A06E66DC94E7AC /* Pods-BluePrintSocial.release.xcconfig */,
			);
			name = Pods;
			sourceTree = "<group>";
		};
		DC14F21320D6CA810025020D = {
			isa = PBXGroup;
			children = (
				DC14F21E20D6CA810025020D /* BluePrintSocial */,
				DC14F21D20D6CA810025020D /* Products */,
				4511B1591D067E27EA2B0FA7 /* Pods */,
				E054D226CE7393583E054275 /* Frameworks */,
			);
			sourceTree = "<group>";
		};
		DC14F21D20D6CA810025020D /* Products */ = {
			isa = PBXGroup;
			children = (
				DC14F21C20D6CA810025020D /* BluePrintSocial.app */,
			);
			name = Products;
			sourceTree = "<group>";
		};
		DC14F21E20D6CA810025020D /* BluePrintSocial */ = {
			isa = PBXGroup;
			children = (
				DC185CDD20D87C8F00596E1A /* BluePrintSocial.entitlements */,
				DC1594D220D71900004A76D6 /* Utilities */,
				DC14F21F20D6CA810025020D /* AppDelegate.swift */,
				DC14F23520D6D19D0025020D /* Controller */,
				DC14F23420D6D1930025020D /* View */,
				DC14F23320D6D18B0025020D /* Model */,
				DC14F22320D6CA810025020D /* Main.storyboard */,
				DC14F22620D6CA840025020D /* Assets.xcassets */,
				DC14F22820D6CA840025020D /* LaunchScreen.storyboard */,
				DC14F22B20D6CA840025020D /* Info.plist */,
				DC14F23120D6CAE00025020D /* GoogleService-Info.plist */,
			);
			path = BluePrintSocial;
			sourceTree = "<group>";
		};
		DC14F23320D6D18B0025020D /* Model */ = {
			isa = PBXGroup;
			children = (
			);
			path = Model;
			sourceTree = "<group>";
		};
		DC14F23420D6D1930025020D /* View */ = {
			isa = PBXGroup;
			children = (
				DC1594D020D71874004A76D6 /* FancyView.swift */,
				DC1594D520D71E74004A76D6 /* RoundButton.swift */,
				DC1594D920D723E7004A76D6 /* FancyButton.swift */,
				DC1594D720D72152004A76D6 /* FancyText.swift */,
				DC185CDE20D881B600596E1A /* iKnowView.swift */,
				DC803BFF20DC61F9005C3912 /* CircleView.swift */,
				DC803C0120DC65E1005C3912 /* CircleButton.swift */,
				DC803C0320DC6C0F005C3912 /* PostCell.swift */,
			);
			path = View;
			sourceTree = "<group>";
		};
		DC14F23520D6D19D0025020D /* Controller */ = {
			isa = PBXGroup;
			children = (
				DC14F22120D6CA810025020D /* SignInVC.swift */,
				DC52537E20DB11EB00E26F1C /* FeedVC.swift */,
			);
			path = Controller;
			sourceTree = "<group>";
		};
		DC1594D220D71900004A76D6 /* Utilities */ = {
			isa = PBXGroup;
			children = (
				DC1594D320D71913004A76D6 /* Constants.swift */,
			);
			path = Utilities;
			sourceTree = "<group>";
		};
		E054D226CE7393583E054275 /* Frameworks */ = {
			isa = PBXGroup;
			children = (
				AAAA1C80DA4D11A9C188089C /* Pods_BluePrintSocial.framework */,
			);
			name = Frameworks;
			sourceTree = "<group>";
		};
/* End PBXGroup section */

/* Begin PBXNativeTarget section */
		DC14F21B20D6CA810025020D /* BluePrintSocial */ = {
			isa = PBXNativeTarget;
			buildConfigurationList = DC14F22E20D6CA840025020D /* Build configuration list for PBXNativeTarget "BluePrintSocial" */;
			buildPhases = (
				7F51EBE751C1DFA98DC2745F /* [CP] Check Pods Manifest.lock */,
				DC14F21820D6CA810025020D /* Sources */,
				DC14F21920D6CA810025020D /* Frameworks */,
				DC14F21A20D6CA810025020D /* Resources */,
				326392CFE30EF72C849AEB41 /* [CP] Embed Pods Frameworks */,
				C5E0432AB4DEC855E036E63A /* [CP] Copy Pods Resources */,
			);
			buildRules = (
			);
			dependencies = (
			);
			name = BluePrintSocial;
			productName = BluePrintSocial;
			productReference = DC14F21C20D6CA810025020D /* BluePrintSocial.app */;
			productType = "com.apple.product-type.application";
		};
/* End PBXNativeTarget section */

/* Begin PBXProject section */
		DC14F21420D6CA810025020D /* Project object */ = {
			isa = PBXProject;
			attributes = {
				LastSwiftUpdateCheck = 0940;
				LastUpgradeCheck = 0940;
				ORGANIZATIONNAME = "Shaun Tucker";
				TargetAttributes = {
					DC14F21B20D6CA810025020D = {
						CreatedOnToolsVersion = 9.4;
						SystemCapabilities = {
							com.apple.Keychain = {
								enabled = 1;
							};
						};
					};
				};
			};
			buildConfigurationList = DC14F21720D6CA810025020D /* Build configuration list for PBXProject "BluePrintSocial" */;
			compatibilityVersion = "Xcode 9.3";
			developmentRegion = en;
			hasScannedForEncodings = 0;
			knownRegions = (
				en,
				Base,
			);
			mainGroup = DC14F21320D6CA810025020D;
			productRefGroup = DC14F21D20D6CA810025020D /* Products */;
			projectDirPath = "";
			projectRoot = "";
			targets = (
				DC14F21B20D6CA810025020D /* BluePrintSocial */,
			);
		};
/* End PBXProject section */

/* Begin PBXResourcesBuildPhase section */
		DC14F21A20D6CA810025020D /* Resources */ = {
			isa = PBXResourcesBuildPhase;
			buildActionMask = 2147483647;
			files = (
				DC14F22A20D6CA840025020D /* LaunchScreen.storyboard in Resources */,
				DC14F23220D6CAE00025020D /* GoogleService-Info.plist in Resources */,
				DC14F22720D6CA840025020D /* Assets.xcassets in Resources */,
				DC14F22520D6CA810025020D /* Main.storyboard in Resources */,
			);
			runOnlyForDeploymentPostprocessing = 0;
		};
/* End PBXResourcesBuildPhase section */

/* Begin PBXShellScriptBuildPhase section */
		326392CFE30EF72C849AEB41 /* [CP] Embed Pods Frameworks */ = {
			isa = PBXShellScriptBuildPhase;
			buildActionMask = 2147483647;
			files = (
			);
			inputPaths = (
				"${SRCROOT}/Pods/Target Support Files/Pods-BluePrintSocial/Pods-BluePrintSocial-frameworks.sh",
				"${BUILT_PRODUCTS_DIR}/Bolts/Bolts.framework",
				"${BUILT_PRODUCTS_DIR}/FBSDKCoreKit/FBSDKCoreKit.framework",
				"${BUILT_PRODUCTS_DIR}/FBSDKLoginKit/FBSDKLoginKit.framework",
				"${BUILT_PRODUCTS_DIR}/GTMSessionFetcher/GTMSessionFetcher.framework",
				"${BUILT_PRODUCTS_DIR}/GoogleToolboxForMac/GoogleToolboxForMac.framework",
				"${BUILT_PRODUCTS_DIR}/SwiftKeychainWrapper/SwiftKeychainWrapper.framework",
				"${BUILT_PRODUCTS_DIR}/leveldb-library/leveldb.framework",
				"${BUILT_PRODUCTS_DIR}/nanopb/nanopb.framework",
			);
			name = "[CP] Embed Pods Frameworks";
			outputPaths = (
				"${TARGET_BUILD_DIR}/${FRAMEWORKS_FOLDER_PATH}/Bolts.framework",
				"${TARGET_BUILD_DIR}/${FRAMEWORKS_FOLDER_PATH}/FBSDKCoreKit.framework",
				"${TARGET_BUILD_DIR}/${FRAMEWORKS_FOLDER_PATH}/FBSDKLoginKit.framework",
				"${TARGET_BUILD_DIR}/${FRAMEWORKS_FOLDER_PATH}/GTMSessionFetcher.framework",
				"${TARGET_BUILD_DIR}/${FRAMEWORKS_FOLDER_PATH}/GoogleToolboxForMac.framework",
				"${TARGET_BUILD_DIR}/${FRAMEWORKS_FOLDER_PATH}/SwiftKeychainWrapper.framework",
				"${TARGET_BUILD_DIR}/${FRAMEWORKS_FOLDER_PATH}/leveldb.framework",
				"${TARGET_BUILD_DIR}/${FRAMEWORKS_FOLDER_PATH}/nanopb.framework",
			);
			runOnlyForDeploymentPostprocessing = 0;
			shellPath = /bin/sh;
			shellScript = "\"${SRCROOT}/Pods/Target Support Files/Pods-BluePrintSocial/Pods-BluePrintSocial-frameworks.sh\"\n";
			showEnvVarsInLog = 0;
		};
		7F51EBE751C1DFA98DC2745F /* [CP] Check Pods Manifest.lock */ = {
			isa = PBXShellScriptBuildPhase;
			buildActionMask = 2147483647;
			files = (
			);
			inputPaths = (
				"${PODS_PODFILE_DIR_PATH}/Podfile.lock",
				"${PODS_ROOT}/Manifest.lock",
			);
			name = "[CP] Check Pods Manifest.lock";
			outputPaths = (
				"$(DERIVED_FILE_DIR)/Pods-BluePrintSocial-checkManifestLockResult.txt",
			);
			runOnlyForDeploymentPostprocessing = 0;
			shellPath = /bin/sh;
			shellScript = "diff \"${PODS_PODFILE_DIR_PATH}/Podfile.lock\" \"${PODS_ROOT}/Manifest.lock\" > /dev/null\nif [ $? != 0 ] ; then\n    # print error to STDERR\n    echo \"error: The sandbox is not in sync with the Podfile.lock. Run 'pod install' or update your CocoaPods installation.\" >&2\n    exit 1\nfi\n# This output is used by Xcode 'outputs' to avoid re-running this script phase.\necho \"SUCCESS\" > \"${SCRIPT_OUTPUT_FILE_0}\"\n";
			showEnvVarsInLog = 0;
		};
		C5E0432AB4DEC855E036E63A /* [CP] Copy Pods Resources */ = {
			isa = PBXShellScriptBuildPhase;
			buildActionMask = 2147483647;
			files = (
			);
			inputPaths = (
			);
			name = "[CP] Copy Pods Resources";
			outputPaths = (
			);
			runOnlyForDeploymentPostprocessing = 0;
			shellPath = /bin/sh;
			shellScript = "\"${SRCROOT}/Pods/Target Support Files/Pods-BluePrintSocial/Pods-BluePrintSocial-resources.sh\"\n";
			showEnvVarsInLog = 0;
		};
/* End PBXShellScriptBuildPhase section */

/* Begin PBXSourcesBuildPhase section */
		DC14F21820D6CA810025020D /* Sources */ = {
			isa = PBXSourcesBuildPhase;
			buildActionMask = 2147483647;
			files = (
				DC52537F20DB11EB00E26F1C /* FeedVC.swift in Sources */,
				DC14F22220D6CA810025020D /* SignInVC.swift in Sources */,
				DC1594D620D71E74004A76D6 /* RoundButton.swift in Sources */,
				DC14F22020D6CA810025020D /* AppDelegate.swift in Sources */,
				DC1594DA20D723E7004A76D6 /* FancyButton.swift in Sources */,
				DC1594D120D71874004A76D6 /* FancyView.swift in Sources */,
				DC803C0220DC65E1005C3912 /* CircleButton.swift in Sources */,
				DC803C0020DC61F9005C3912 /* CircleView.swift in Sources */,
				DC185CDF20D881B600596E1A /* iKnowView.swift in Sources */,
				DC1594D820D72152004A76D6 /* FancyText.swift in Sources */,
				DC1594D420D71913004A76D6 /* Constants.swift in Sources */,
				DC803C0420DC6C0F005C3912 /* PostCell.swift in Sources */,
			);
			runOnlyForDeploymentPostprocessing = 0;
		};
/* End PBXSourcesBuildPhase section */

/* Begin PBXVariantGroup section */
		DC14F22320D6CA810025020D /* Main.storyboard */ = {
			isa = PBXVariantGroup;
			children = (
				DC14F22420D6CA810025020D /* Base */,
			);
			name = Main.storyboard;
			sourceTree = "<group>";
		};
		DC14F22820D6CA840025020D /* LaunchScreen.storyboard */ = {
			isa = PBXVariantGroup;
			children = (
				DC14F22920D6CA840025020D /* Base */,
			);
			name = LaunchScreen.storyboard;
			sourceTree = "<group>";
		};
/* End PBXVariantGroup section */

/* Begin XCBuildConfiguration section */
		DC14F22C20D6CA840025020D /* Debug */ = {
			isa = XCBuildConfiguration;
			buildSettings = {
				ALWAYS_SEARCH_USER_PATHS = NO;
				CLANG_ANALYZER_NONNULL = YES;
				CLANG_ANALYZER_NUMBER_OBJECT_CONVERSION = YES_AGGRESSIVE;
				CLANG_CXX_LANGUAGE_STANDARD = "gnu++14";
				CLANG_CXX_LIBRARY = "libc++";
				CLANG_ENABLE_MODULES = YES;
				CLANG_ENABLE_OBJC_ARC = YES;
				CLANG_ENABLE_OBJC_WEAK = YES;
				CLANG_WARN_BLOCK_CAPTURE_AUTORELEASING = YES;
				CLANG_WARN_BOOL_CONVERSION = YES;
				CLANG_WARN_COMMA = YES;
				CLANG_WARN_CONSTANT_CONVERSION = YES;
				CLANG_WARN_DEPRECATED_OBJC_IMPLEMENTATIONS = YES;
				CLANG_WARN_DIRECT_OBJC_ISA_USAGE = YES_ERROR;
				CLANG_WARN_DOCUMENTATION_COMMENTS = YES;
				CLANG_WARN_EMPTY_BODY = YES;
				CLANG_WARN_ENUM_CONVERSION = YES;
				CLANG_WARN_INFINITE_RECURSION = YES;
				CLANG_WARN_INT_CONVERSION = YES;
				CLANG_WARN_NON_LITERAL_NULL_CONVERSION = YES;
				CLANG_WARN_OBJC_IMPLICIT_RETAIN_SELF = YES;
				CLANG_WARN_OBJC_LITERAL_CONVERSION = YES;
				CLANG_WARN_OBJC_ROOT_CLASS = YES_ERROR;
				CLANG_WARN_RANGE_LOOP_ANALYSIS = YES;
				CLANG_WARN_STRICT_PROTOTYPES = YES;
				CLANG_WARN_SUSPICIOUS_MOVE = YES;
				CLANG_WARN_UNGUARDED_AVAILABILITY = YES_AGGRESSIVE;
				CLANG_WARN_UNREACHABLE_CODE = YES;
				CLANG_WARN__DUPLICATE_METHOD_MATCH = YES;
				CODE_SIGN_IDENTITY = "iPhone Developer";
				COPY_PHASE_STRIP = NO;
				DEBUG_INFORMATION_FORMAT = dwarf;
				ENABLE_STRICT_OBJC_MSGSEND = YES;
				ENABLE_TESTABILITY = YES;
				GCC_C_LANGUAGE_STANDARD = gnu11;
				GCC_DYNAMIC_NO_PIC = NO;
				GCC_NO_COMMON_BLOCKS = YES;
				GCC_OPTIMIZATION_LEVEL = 0;
				GCC_PREPROCESSOR_DEFINITIONS = (
					"DEBUG=1",
					"$(inherited)",
				);
				GCC_WARN_64_TO_32_BIT_CONVERSION = YES;
				GCC_WARN_ABOUT_RETURN_TYPE = YES_ERROR;
				GCC_WARN_UNDECLARED_SELECTOR = YES;
				GCC_WARN_UNINITIALIZED_AUTOS = YES_AGGRESSIVE;
				GCC_WARN_UNUSED_FUNCTION = YES;
				GCC_WARN_UNUSED_VARIABLE = YES;
				IPHONEOS_DEPLOYMENT_TARGET = 11.4;
				MTL_ENABLE_DEBUG_INFO = YES;
				ONLY_ACTIVE_ARCH = YES;
				SDKROOT = iphoneos;
				SWIFT_ACTIVE_COMPILATION_CONDITIONS = DEBUG;
				SWIFT_OPTIMIZATION_LEVEL = "-Onone";
			};
			name = Debug;
		};
		DC14F22D20D6CA840025020D /* Release */ = {
			isa = XCBuildConfiguration;
			buildSettings = {
				ALWAYS_SEARCH_USER_PATHS = NO;
				CLANG_ANALYZER_NONNULL = YES;
				CLANG_ANALYZER_NUMBER_OBJECT_CONVERSION = YES_AGGRESSIVE;
				CLANG_CXX_LANGUAGE_STANDARD = "gnu++14";
				CLANG_CXX_LIBRARY = "libc++";
				CLANG_ENABLE_MODULES = YES;
				CLANG_ENABLE_OBJC_ARC = YES;
				CLANG_ENABLE_OBJC_WEAK = YES;
				CLANG_WARN_BLOCK_CAPTURE_AUTORELEASING = YES;
				CLANG_WARN_BOOL_CONVERSION = YES;
				CLANG_WARN_COMMA = YES;
				CLANG_WARN_CONSTANT_CONVERSION = YES;
				CLANG_WARN_DEPRECATED_OBJC_IMPLEMENTATIONS = YES;
				CLANG_WARN_DIRECT_OBJC_ISA_USAGE = YES_ERROR;
				CLANG_WARN_DOCUMENTATION_COMMENTS = YES;
				CLANG_WARN_EMPTY_BODY = YES;
				CLANG_WARN_ENUM_CONVERSION = YES;
				CLANG_WARN_INFINITE_RECURSION = YES;
				CLANG_WARN_INT_CONVERSION = YES;
				CLANG_WARN_NON_LITERAL_NULL_CONVERSION = YES;
				CLANG_WARN_OBJC_IMPLICIT_RETAIN_SELF = YES;
				CLANG_WARN_OBJC_LITERAL_CONVERSION = YES;
				CLANG_WARN_OBJC_ROOT_CLASS = YES_ERROR;
				CLANG_WARN_RANGE_LOOP_ANALYSIS = YES;
				CLANG_WARN_STRICT_PROTOTYPES = YES;
				CLANG_WARN_SUSPICIOUS_MOVE = YES;
				CLANG_WARN_UNGUARDED_AVAILABILITY = YES_AGGRESSIVE;
				CLANG_WARN_UNREACHABLE_CODE = YES;
				CLANG_WARN__DUPLICATE_METHOD_MATCH = YES;
				CODE_SIGN_IDENTITY = "iPhone Developer";
				COPY_PHASE_STRIP = NO;
				DEBUG_INFORMATION_FORMAT = "dwarf-with-dsym";
				ENABLE_NS_ASSERTIONS = NO;
				ENABLE_STRICT_OBJC_MSGSEND = YES;
				GCC_C_LANGUAGE_STANDARD = gnu11;
				GCC_NO_COMMON_BLOCKS = YES;
				GCC_WARN_64_TO_32_BIT_CONVERSION = YES;
				GCC_WARN_ABOUT_RETURN_TYPE = YES_ERROR;
				GCC_WARN_UNDECLARED_SELECTOR = YES;
				GCC_WARN_UNINITIALIZED_AUTOS = YES_AGGRESSIVE;
				GCC_WARN_UNUSED_FUNCTION = YES;
				GCC_WARN_UNUSED_VARIABLE = YES;
				IPHONEOS_DEPLOYMENT_TARGET = 11.4;
				MTL_ENABLE_DEBUG_INFO = NO;
				SDKROOT = iphoneos;
				SWIFT_COMPILATION_MODE = wholemodule;
				SWIFT_OPTIMIZATION_LEVEL = "-O";
				VALIDATE_PRODUCT = YES;
			};
			name = Release;
		};
		DC14F22F20D6CA840025020D /* Debug */ = {
			isa = XCBuildConfiguration;
			baseConfigurationReference = DAE28D90C484B0E832C9102E /* Pods-BluePrintSocial.debug.xcconfig */;
			buildSettings = {
				ASSETCATALOG_COMPILER_APPICON_NAME = AppIcon;
				CODE_SIGN_ENTITLEMENTS = BluePrintSocial/BluePrintSocial.entitlements;
				CODE_SIGN_STYLE = Automatic;
				DEVELOPMENT_TEAM = 79M729PMA7;
				INFOPLIST_FILE = BluePrintSocial/Info.plist;
				LD_RUNPATH_SEARCH_PATHS = (
					"$(inherited)",
					"@executable_path/Frameworks",
				);
				PRODUCT_BUNDLE_IDENTIFIER = com.Futucke.BluePrintSocial;
				PRODUCT_NAME = "$(TARGET_NAME)";
				SWIFT_VERSION = 4.0;
				TARGETED_DEVICE_FAMILY = "1,2";
			};
			name = Debug;
		};
		DC14F23020D6CA840025020D /* Release */ = {
			isa = XCBuildConfiguration;
			baseConfigurationReference = 75DF6D5FE8A06E66DC94E7AC /* Pods-BluePrintSocial.release.xcconfig */;
			buildSettings = {
				ASSETCATALOG_COMPILER_APPICON_NAME = AppIcon;
				CODE_SIGN_ENTITLEMENTS = BluePrintSocial/BluePrintSocial.entitlements;
				CODE_SIGN_STYLE = Automatic;
				DEVELOPMENT_TEAM = 79M729PMA7;
				INFOPLIST_FILE = BluePrintSocial/Info.plist;
				LD_RUNPATH_SEARCH_PATHS = (
					"$(inherited)",
					"@executable_path/Frameworks",
				);
				PRODUCT_BUNDLE_IDENTIFIER = com.Futucke.BluePrintSocial;
				PRODUCT_NAME = "$(TARGET_NAME)";
				SWIFT_VERSION = 4.0;
				TARGETED_DEVICE_FAMILY = "1,2";
			};
			name = Release;
		};
/* End XCBuildConfiguration section */

/* Begin XCConfigurationList section */
		DC14F21720D6CA810025020D /* Build configuration list for PBXProject "BluePrintSocial" */ = {
			isa = XCConfigurationList;
			buildConfigurations = (
				DC14F22C20D6CA840025020D /* Debug */,
				DC14F22D20D6CA840025020D /* Release */,
			);
			defaultConfigurationIsVisible = 0;
			defaultConfigurationName = Release;
		};
		DC14F22E20D6CA840025020D /* Build configuration list for PBXNativeTarget "BluePrintSocial" */ = {
			isa = XCConfigurationList;
			buildConfigurations = (
				DC14F22F20D6CA840025020D /* Debug */,
				DC14F23020D6CA840025020D /* Release */,
			);
			defaultConfigurationIsVisible = 0;
			defaultConfigurationName = Release;
		};
/* End XCConfigurationList section */
	};
	rootObject = DC14F21420D6CA810025020D /* Project object */;
}
